
Microsoft Visual Studio Solution File, Format Version 12.00
# Visual Studio Version 17
VisualStudioVersion = 17.9.34622.214
MinimumVisualStudioVersion = 10.0.40219.1
Project("{8BC9CEB8-8B4A-11D0-8D11-00A0C91BC942}") = "Decorator", "Decorator\Decorator.vcxproj", "{3E57C7CD-74B5-4DAA-95A9-A9AC828F84E7}"
EndProject
Project("{8BC9CEB8-8B4A-11D0-8D11-00A0C91BC942}") = "MexicanRestaurant", "MexicanRestaurant\MexicanRestaurant.vcxproj", "{C2801DB0-3AED-401F-BC4E-B2840E96D8F1}"
EndProject
Project("{8BC9CEB8-8B4A-11D0-8D11-00A0C91BC942}") = "Command", "Command\Command.vcxproj", "{57E47962-6F06-49F0-800C-253795C447F4}"
EndProject
Project("{8BC9CEB8-8B4A-11D0-8D11-00A0C91BC942}") = "Turtle", "Turtle\Turtle.vcxproj", "{BA68E3D5-C223-45D8-A601-D013A9A5814D}"
EndProject
Project("{8BC9CEB8-8B4A-11D0-8D11-00A0C91BC942}") = "Engine", "Engine\Engine.vcxproj", "{A78F4BA7-E1FB-4FF3-A7FC-9B9E30B48980}"
EndProject
Project("{8BC9CEB8-8B4A-11D0-8D11-00A0C91BC942}") = "Iterator", "Iterator\Iterator.vcxproj", "{C418A552-0145-4FC0-A8D5-FADA0FAC5814}"
EndProject
Project("{8BC9CEB8-8B4A-11D0-8D11-00A0C91BC942}") = "Composite", "Composite\Composite.vcxproj", "{61837CF6-3A30-4CE0-A9E1-C1694E469B1C}"
EndProject
Project("{8BC9CEB8-8B4A-11D0-8D11-00A0C91BC942}") = "FamilyTree", "FamilyTree\FamilyTree.vcxproj", "{AE076B96-363B-4E3C-B03D-809F27143D39}"
EndProject
Project("{8BC9CEB8-8B4A-11D0-8D11-00A0C91BC942}") = "Factory", "Factory\Factory.vcxproj", "{591BF627-2857-4D10-BBEA-1941C0C7CD79}"
EndProject
Project("{8BC9CEB8-8B4A-11D0-8D11-00A0C91BC942}") = "CodeBlockGenerator", "CodeBlockGenerator\CodeBlockGenerator.vcxproj", "{04B1A410-88D3-41EA-BE13-328596D3BBFA}"
EndProject
Global
	GlobalSection(SolutionConfigurationPlatforms) = preSolution
		Debug|x64 = Debug|x64
		Debug|x86 = Debug|x86
		Release|x64 = Release|x64
		Release|x86 = Release|x86
	EndGlobalSection
	GlobalSection(ProjectConfigurationPlatforms) = postSolution
		{3E57C7CD-74B5-4DAA-95A9-A9AC828F84E7}.Debug|x64.ActiveCfg = Debug|x64
		{3E57C7CD-74B5-4DAA-95A9-A9AC828F84E7}.Debug|x64.Build.0 = Debug|x64
		{3E57C7CD-74B5-4DAA-95A9-A9AC828F84E7}.Debug|x86.ActiveCfg = Debug|Win32
		{3E57C7CD-74B5-4DAA-95A9-A9AC828F84E7}.Debug|x86.Build.0 = Debug|Win32
		{3E57C7CD-74B5-4DAA-95A9-A9AC828F84E7}.Release|x64.ActiveCfg = Release|x64
		{3E57C7CD-74B5-4DAA-95A9-A9AC828F84E7}.Release|x64.Build.0 = Release|x64
		{3E57C7CD-74B5-4DAA-95A9-A9AC828F84E7}.Release|x86.ActiveCfg = Release|Win32
		{3E57C7CD-74B5-4DAA-95A9-A9AC828F84E7}.Release|x86.Build.0 = Release|Win32
		{C2801DB0-3AED-401F-BC4E-B2840E96D8F1}.Debug|x64.ActiveCfg = Debug|x64
		{C2801DB0-3AED-401F-BC4E-B2840E96D8F1}.Debug|x64.Build.0 = Debug|x64
		{C2801DB0-3AED-401F-BC4E-B2840E96D8F1}.Debug|x86.ActiveCfg = Debug|Win32
		{C2801DB0-3AED-401F-BC4E-B2840E96D8F1}.Debug|x86.Build.0 = Debug|Win32
		{C2801DB0-3AED-401F-BC4E-B2840E96D8F1}.Release|x64.ActiveCfg = Release|x64
		{C2801DB0-3AED-401F-BC4E-B2840E96D8F1}.Release|x64.Build.0 = Release|x64
		{C2801DB0-3AED-401F-BC4E-B2840E96D8F1}.Release|x86.ActiveCfg = Release|Win32
		{C2801DB0-3AED-401F-BC4E-B2840E96D8F1}.Release|x86.Build.0 = Release|Win32
		{57E47962-6F06-49F0-800C-253795C447F4}.Debug|x64.ActiveCfg = Debug|x64
		{57E47962-6F06-49F0-800C-253795C447F4}.Debug|x64.Build.0 = Debug|x64
		{57E47962-6F06-49F0-800C-253795C447F4}.Debug|x86.ActiveCfg = Debug|Win32
		{57E47962-6F06-49F0-800C-253795C447F4}.Debug|x86.Build.0 = Debug|Win32
		{57E47962-6F06-49F0-800C-253795C447F4}.Release|x64.ActiveCfg = Release|x64
		{57E47962-6F06-49F0-800C-253795C447F4}.Release|x64.Build.0 = Release|x64
		{57E47962-6F06-49F0-800C-253795C447F4}.Release|x86.ActiveCfg = Release|Win32
		{57E47962-6F06-49F0-800C-253795C447F4}.Release|x86.Build.0 = Release|Win32
		{BA68E3D5-C223-45D8-A601-D013A9A5814D}.Debug|x64.ActiveCfg = Debug|x64
		{BA68E3D5-C223-45D8-A601-D013A9A5814D}.Debug|x64.Build.0 = Debug|x64
		{BA68E3D5-C223-45D8-A601-D013A9A5814D}.Debug|x86.ActiveCfg = Debug|Win32
		{BA68E3D5-C223-45D8-A601-D013A9A5814D}.Debug|x86.Build.0 = Debug|Win32
		{BA68E3D5-C223-45D8-A601-D013A9A5814D}.Release|x64.ActiveCfg = Release|x64
		{BA68E3D5-C223-45D8-A601-D013A9A5814D}.Release|x64.Build.0 = Release|x64
		{BA68E3D5-C223-45D8-A601-D013A9A5814D}.Release|x86.ActiveCfg = Release|Win32
		{BA68E3D5-C223-45D8-A601-D013A9A5814D}.Release|x86.Build.0 = Release|Win32
		{A78F4BA7-E1FB-4FF3-A7FC-9B9E30B48980}.Debug|x64.ActiveCfg = Debug|x64
		{A78F4BA7-E1FB-4FF3-A7FC-9B9E30B48980}.Debug|x64.Build.0 = Debug|x64
		{A78F4BA7-E1FB-4FF3-A7FC-9B9E30B48980}.Debug|x86.ActiveCfg = Debug|Win32
		{A78F4BA7-E1FB-4FF3-A7FC-9B9E30B48980}.Debug|x86.Build.0 = Debug|Win32
		{A78F4BA7-E1FB-4FF3-A7FC-9B9E30B48980}.Release|x64.ActiveCfg = Release|x64
		{A78F4BA7-E1FB-4FF3-A7FC-9B9E30B48980}.Release|x64.Build.0 = Release|x64
		{A78F4BA7-E1FB-4FF3-A7FC-9B9E30B48980}.Release|x86.ActiveCfg = Release|Win32
		{A78F4BA7-E1FB-4FF3-A7FC-9B9E30B48980}.Release|x86.Build.0 = Release|Win32
		{C418A552-0145-4FC0-A8D5-FADA0FAC5814}.Debug|x64.ActiveCfg = Debug|x64
		{C418A552-0145-4FC0-A8D5-FADA0FAC5814}.Debug|x64.Build.0 = Debug|x64
		{C418A552-0145-4FC0-A8D5-FADA0FAC5814}.Debug|x86.ActiveCfg = Debug|Win32
		{C418A552-0145-4FC0-A8D5-FADA0FAC5814}.Debug|x86.Build.0 = Debug|Win32
		{C418A552-0145-4FC0-A8D5-FADA0FAC5814}.Release|x64.ActiveCfg = Release|x64
		{C418A552-0145-4FC0-A8D5-FADA0FAC5814}.Release|x64.Build.0 = Release|x64
		{C418A552-0145-4FC0-A8D5-FADA0FAC5814}.Release|x86.ActiveCfg = Release|Win32
		{C418A552-0145-4FC0-A8D5-FADA0FAC5814}.Release|x86.Build.0 = Release|Win32
		{61837CF6-3A30-4CE0-A9E1-C1694E469B1C}.Debug|x64.ActiveCfg = Debug|x64
		{61837CF6-3A30-4CE0-A9E1-C1694E469B1C}.Debug|x64.Build.0 = Debug|x64
		{61837CF6-3A30-4CE0-A9E1-C1694E469B1C}.Debug|x86.ActiveCfg = Debug|Win32
		{61837CF6-3A30-4CE0-A9E1-C1694E469B1C}.Debug|x86.Build.0 = Debug|Win32
		{61837CF6-3A30-4CE0-A9E1-C1694E469B1C}.Release|x64.ActiveCfg = Release|x64
		{61837CF6-3A30-4CE0-A9E1-C1694E469B1C}.Release|x64.Build.0 = Release|x64
		{61837CF6-3A30-4CE0-A9E1-C1694E469B1C}.Release|x86.ActiveCfg = Release|Win32
		{61837CF6-3A30-4CE0-A9E1-C1694E469B1C}.Release|x86.Build.0 = Release|Win32
		{AE076B96-363B-4E3C-B03D-809F27143D39}.Debug|x64.ActiveCfg = Debug|x64
		{AE076B96-363B-4E3C-B03D-809F27143D39}.Debug|x64.Build.0 = Debug|x64
		{AE076B96-363B-4E3C-B03D-809F27143D39}.Debug|x86.ActiveCfg = Debug|Win32
		{AE076B96-363B-4E3C-B03D-809F27143D39}.Debug|x86.Build.0 = Debug|Win32
		{AE076B96-363B-4E3C-B03D-809F27143D39}.Release|x64.ActiveCfg = Release|x64
		{AE076B96-363B-4E3C-B03D-809F27143D39}.Release|x64.Build.0 = Release|x64
		{AE076B96-363B-4E3C-B03D-809F27143D39}.Release|x86.ActiveCfg = Release|Win32
		{AE076B96-363B-4E3C-B03D-809F27143D39}.Release|x86.Build.0 = Release|Win32
		{591BF627-2857-4D10-BBEA-1941C0C7CD79}.Debug|x64.ActiveCfg = Debug|x64
		{591BF627-2857-4D10-BBEA-1941C0C7CD79}.Debug|x64.Build.0 = Debug|x64
		{591BF627-2857-4D10-BBEA-1941C0C7CD79}.Debug|x86.ActiveCfg = Debug|Win32
		{591BF627-2857-4D10-BBEA-1941C0C7CD79}.Debug|x86.Build.0 = Debug|Win32
		{591BF627-2857-4D10-BBEA-1941C0C7CD79}.Release|x64.ActiveCfg = Release|x64
		{591BF627-2857-4D10-BBEA-1941C0C7CD79}.Release|x64.Build.0 = Release|x64
		{591BF627-2857-4D10-BBEA-1941C0C7CD79}.Release|x86.ActiveCfg = Release|Win32
		{591BF627-2857-4D10-BBEA-1941C0C7CD79}.Release|x86.Build.0 = Release|Win32
		{04B1A410-88D3-41EA-BE13-328596D3BBFA}.Debug|x64.ActiveCfg = Debug|x64
		{04B1A410-88D3-41EA-BE13-328596D3BBFA}.Debug|x64.Build.0 = Debug|x64
		{04B1A410-88D3-41EA-BE13-328596D3BBFA}.Debug|x86.ActiveCfg = Debug|Win32
		{04B1A410-88D3-41EA-BE13-328596D3BBFA}.Debug|x86.Build.0 = Debug|Win32
		{04B1A410-88D3-41EA-BE13-328596D3BBFA}.Release|x64.ActiveCfg = Release|x64
		{04B1A410-88D3-41EA-BE13-328596D3BBFA}.Release|x64.Build.0 = Release|x64
		{04B1A410-88D3-41EA-BE13-328596D3BBFA}.Release|x86.ActiveCfg = Release|Win32
		{04B1A410-88D3-41EA-BE13-328596D3BBFA}.Release|x86.Build.0 = Release|Win32
	EndGlobalSection
	GlobalSection(SolutionProperties) = preSolution
		HideSolutionNode = FALSE
	EndGlobalSection
	GlobalSection(ExtensibilityGlobals) = postSolution
		SolutionGuid = {98EBA78F-789F-47C1-9C05-A53FB99300DD}
	EndGlobalSection
EndGlobal
