<?xml version="1.0" encoding="utf-8"?>
<Project ToolsVersion="4.0" xmlns="http://schemas.microsoft.com/developer/msbuild/2003">
  <ItemGroup>
    <Filter Include="Source Files">
      <UniqueIdentifier>{4FC737F1-C7A5-4376-A066-2A32D752A2FF}</UniqueIdentifier>
      <Extensions>cpp;c;cc;cxx;c++;cppm;ixx;def;odl;idl;hpj;bat;asm;asmx</Extensions>
    </Filter>
    <Filter Include="Header Files">
      <UniqueIdentifier>{93995380-89BD-4b04-88EB-625FBE52EBFB}</UniqueIdentifier>
      <Extensions>h;hh;hpp;hxx;h++;hm;inl;inc;ipp;xsd</Extensions>
    </Filter>
    <Filter Include="Resource Files">
      <UniqueIdentifier>{67DA6AB6-F800-4c08-8B7A-83BB121AAD01}</UniqueIdentifier>
      <Extensions>rc;ico;cur;bmp;dlg;rc2;rct;bin;rgs;gif;jpg;jpeg;jpe;resx;tiff;tif;png;wav;mfcribbon-ms</Extensions>
    </Filter>
    <Filter Include="Interfaces">
      <UniqueIdentifier>{50998275-1b9c-48a4-a87a-a612ff927856}</UniqueIdentifier>
    </Filter>
    <Filter Include="Composite">
      <UniqueIdentifier>{a8cba9ad-68ca-428e-b382-f8daef12ecfd}</UniqueIdentifier>
    </Filter>
    <Filter Include="Leaf">
      <UniqueIdentifier>{726b5e11-a492-4297-9afd-489d987bcf39}</UniqueIdentifier>
    </Filter>
    <Filter Include="CongreteAggregate">
      <UniqueIdentifier>{31142995-61fe-4f3e-8772-4d1187e827a0}</UniqueIdentifier>
    </Filter>
    <Filter Include="ConcreteIterator">
      <UniqueIdentifier>{a775c8b8-60e8-4147-b22f-456e79f1a112}</UniqueIdentifier>
    </Filter>
  </ItemGroup>
  <ItemGroup>
    <ClCompile Include="FamilyTree.cpp">
      <Filter>Source Files</Filter>
    </ClCompile>
    <ClCompile Include="ConcreteIterator\FamilyIterator.cpp">
      <Filter>ConcreteIterator</Filter>
    </ClCompile>
    <ClCompile Include="ConcreteAggregate\Families.cpp">
      <Filter>CongreteAggregate</Filter>
    </ClCompile>
    <ClCompile Include="Composite\FamilyGroup.cpp">
      <Filter>Composite</Filter>
    </ClCompile>
    <ClCompile Include="Leaf\FamilyMember.cpp">
      <Filter>Leaf</Filter>
    </ClCompile>
    <ClCompile Include="Program.cpp">
      <Filter>Source Files</Filter>
    </ClCompile>
  </ItemGroup>
  <ItemGroup>
    <ClInclude Include="Interfaces\IFamilyGroup.h">
      <Filter>Interfaces</Filter>
    </ClInclude>
    <ClInclude Include="Interfaces\IFamilyAgg.h">
      <Filter>Interfaces</Filter>
    </ClInclude>
    <ClInclude Include="Interfaces\IFamilyIterator.h">
      <Filter>Interfaces</Filter>
    </ClInclude>
    <ClInclude Include="Composite\FamilyGroup.h">
      <Filter>Composite</Filter>
    </ClInclude>
    <ClInclude Include="ConcreteIterator\FamilyIterator.h">
      <Filter>ConcreteIterator</Filter>
    </ClInclude>
    <ClInclude Include="ConcreteAggregate\Families.h">
      <Filter>CongreteAggregate</Filter>
    </ClInclude>
    <ClInclude Include="Leaf\FamilyMember.h">
      <Filter>Leaf</Filter>
    </ClInclude>
    <ClInclude Include="Program.h">
      <Filter>Source Files</Filter>
    </ClInclude>
  </ItemGroup>
</Project>