<?xml version="1.0" encoding="utf-8"?>
<Project ToolsVersion="4.0" xmlns="http://schemas.microsoft.com/developer/msbuild/2003">
  <ItemGroup>
    <Filter Include="Source Files">
      <UniqueIdentifier>{4FC737F1-C7A5-4376-A066-2A32D752A2FF}</UniqueIdentifier>
      <Extensions>cpp;c;cc;cxx;c++;cppm;ixx;def;odl;idl;hpj;bat;asm;asmx</Extensions>
    </Filter>
    <Filter Include="Header Files">
      <UniqueIdentifier>{93995380-89BD-4b04-88EB-625FBE52EBFB}</UniqueIdentifier>
      <Extensions>h;hh;hpp;hxx;h++;hm;inl;inc;ipp;xsd</Extensions>
    </Filter>
    <Filter Include="Resource Files">
      <UniqueIdentifier>{67DA6AB6-F800-4c08-8B7A-83BB121AAD01}</UniqueIdentifier>
      <Extensions>rc;ico;cur;bmp;dlg;rc2;rct;bin;rgs;gif;jpg;jpeg;jpe;resx;tiff;tif;png;wav;mfcribbon-ms</Extensions>
    </Filter>
    <Filter Include="Interfaces">
      <UniqueIdentifier>{7bb0875b-6de3-4a0f-a3ca-885f7a205a67}</UniqueIdentifier>
    </Filter>
    <Filter Include="Factories">
      <UniqueIdentifier>{9569565e-b9ca-4e95-8da9-77b5d709cc58}</UniqueIdentifier>
    </Filter>
    <Filter Include="Attributes">
      <UniqueIdentifier>{0abb0bc4-f198-4078-a932-ca73bb3be61c}</UniqueIdentifier>
    </Filter>
  </ItemGroup>
  <ItemGroup>
    <ClCompile Include="CodeBlockGenerator.cpp">
      <Filter>Source Files</Filter>
    </ClCompile>
    <ClCompile Include="Attributes\Width.cpp">
      <Filter>Attributes</Filter>
    </ClCompile>
    <ClCompile Include="Factories\HTMLFactory.cpp">
      <Filter>Factories</Filter>
    </ClCompile>
    <ClCompile Include="Attributes\Hight.cpp">
      <Filter>Source Files</Filter>
    </ClCompile>
  </ItemGroup>
  <ItemGroup>
    <ClInclude Include="Interfaces\ICodeBlockFactory.h">
      <Filter>Interfaces</Filter>
    </ClInclude>
    <ClInclude Include="Interfaces\IAttribute.h">
      <Filter>Interfaces</Filter>
    </ClInclude>
    <ClInclude Include="Factories\HTMLFactory.h">
      <Filter>Factories</Filter>
    </ClInclude>
    <ClInclude Include="Attributes\Width.h">
      <Filter>Attributes</Filter>
    </ClInclude>
    <ClInclude Include="Attributes\Attributes.h">
      <Filter>Attributes</Filter>
    </ClInclude>
    <ClInclude Include="Attributes\Hight.h">
      <Filter>Attributes</Filter>
    </ClInclude>
    <ClInclude Include="Attributes\Margin.h">
      <Filter>Attributes</Filter>
    </ClInclude>
  </ItemGroup>
</Project>